// !$*UTF8*$!
{
	archiveVersion = 1;
	classes = {
	};
	objectVersion = 46;
	objects = {

/* Begin PBXBuildFile section */
		B5A7629B1F28AC3E0072326F /* RCTSandbox.m in Sources */ = {isa = PBXBuildFile; fileRef = B5A7629A1F28AC3E0072326F /* RCTSandbox.m */; };
		B5A7629C1F28AC3E0072326F /* RCTSandbox.h in CopyFiles */ = {isa = PBXBuildFile; fileRef = B5A762991F28AC3E0072326F /* RCTSandbox.h */; };
/* End PBXBuildFile section */

/* Begin PBXCopyFilesBuildPhase section */
		B5A762941F28AC3E0072326F /* CopyFiles */ = {
			isa = PBXCopyFilesBuildPhase;
			buildActionMask = 2147483647;
			dstPath = "include/$(PRODUCT_NAME)";
			dstSubfolderSpec = 16;
			files = (
				B5A7629C1F28AC3E0072326F /* RCTSandbox.h in CopyFiles */,
			);
			runOnlyForDeploymentPostprocessing = 0;
		};
/* End PBXCopyFilesBuildPhase section */

/* Begin PBXFileReference section */
		B5A762961F28AC3E0072326F /* libRCTSandbox.a */ = {isa = PBXFileReference; explicitFileType = archive.ar; includeInIndex = 0; path = libRCTSandbox.a; sourceTree = BUILT_PRODUCTS_DIR; };
		B5A762991F28AC3E0072326F /* RCTSandbox.h */ = {isa = PBXFileReference; lastKnownFileType = sourcecode.c.h; path = RCTSandbox.h; sourceTree = "<group>"; };
		B5A7629A1F28AC3E0072326F /* RCTSandbox.m */ = {isa = PBXFileReference; lastKnownFileType = sourcecode.c.objc; path = RCTSandbox.m; sourceTree = "<group>"; };
/* End PBXFileReference section */

/* Begin PBXFrameworksBuildPhase section */
		B5A762931F28AC3E0072326F /* Frameworks */ = {
			isa = PBXFrameworksBuildPhase;
			buildActionMask = 2147483647;
			files = (
			);
			runOnlyForDeploymentPostprocessing = 0;
		};
/* End PBXFrameworksBuildPhase section */

/* Begin PBXGroup section */
		B5A7628D1F28AC3E0072326F = {
			isa = PBXGroup;
			children = (
				B5A762981F28AC3E0072326F /* RCTSandbox */,
				B5A762971F28AC3E0072326F /* Products */,
			);
			sourceTree = "<group>";
		};
		B5A762971F28AC3E0072326F /* Products */ = {
			isa = PBXGroup;
			children = (
				B5A762961F28AC3E0072326F /* libRCTSandbox.a */,
			);
			name = Products;
			sourceTree = "<group>";
		};
		B5A762981F28AC3E0072326F /* RCTSandbox */ = {
			isa = PBXGroup;
			children = (
				B5A762991F28AC3E0072326F /* RCTSandbox.h */,
				B5A7629A1F28AC3E0072326F /* RCTSandbox.m */,
			);
			path = RCTSandbox;
			sourceTree = "<group>";
		};
/* End PBXGroup section */

/* Begin PBXNativeTarget section */
		B5A762951F28AC3E0072326F /* RCTSandbox */ = {
			isa = PBXNativeTarget;
			buildConfigurationList = B5A7629F1F28AC3E0072326F /* Build configuration list for PBXNativeTarget "RCTSandbox" */;
			buildPhases = (
				B5A762921F28AC3E0072326F /* Sources */,
				B5A762931F28AC3E0072326F /* Frameworks */,
				B5A762941F28AC3E0072326F /* CopyFiles */,
			);
			buildRules = (
			);
			dependencies = (
			);
			name = RCTSandbox;
			productName = RCTSandbox;
			productReference = B5A762961F28AC3E0072326F /* libRCTSandbox.a */;
			productType = "com.apple.product-type.library.static";
		};
/* End PBXNativeTarget section */

/* Begin PBXProject section */
		B5A7628E1F28AC3E0072326F /* Project object */ = {
			isa = PBXProject;
			attributes = {
				LastUpgradeCheck = 0800;
				ORGANIZATIONNAME = "福有李";
				TargetAttributes = {
					B5A762951F28AC3E0072326F = {
						CreatedOnToolsVersion = 8.0;
						DevelopmentTeam = 95W7U2WGC2;
						ProvisioningStyle = Automatic;
					};
				};
			};
			buildConfigurationList = B5A762911F28AC3E0072326F /* Build configuration list for PBXProject "RCTSandbox" */;
			compatibilityVersion = "Xcode 3.2";
			developmentRegion = English;
			hasScannedForEncodings = 0;
			knownRegions = (
				en,
			);
			mainGroup = B5A7628D1F28AC3E0072326F;
			productRefGroup = B5A762971F28AC3E0072326F /* Products */;
			projectDirPath = "";
			projectRoot = "";
			targets = (
				B5A762951F28AC3E0072326F /* RCTSandbox */,
			);
		};
/* End PBXProject section */

/* Begin PBXSourcesBuildPhase section */
		B5A762921F28AC3E0072326F /* Sources */ = {
			isa = PBXSourcesBuildPhase;
			buildActionMask = 2147483647;
			files = (
				B5A7629B1F28AC3E0072326F /* RCTSandbox.m in Sources */,
			);
			runOnlyForDeploymentPostprocessing = 0;
		};
/* End PBXSourcesBuildPhase section */

/* Begin XCBuildConfiguration section */
		B5A7629D1F28AC3E0072326F /* Debug */ = {
			isa = XCBuildConfiguration;
			buildSettings = {
				ALWAYS_SEARCH_USER_PATHS = NO;
				CLANG_ANALYZER_NONNULL = YES;
				CLANG_CXX_LANGUAGE_STANDARD = "gnu++0x";
				CLANG_CXX_LIBRARY = "libc++";
				CLANG_ENABLE_MODULES = YES;
				CLANG_ENABLE_OBJC_ARC = YES;
				CLANG_WARN_BOOL_CONVERSION = YES;
				CLANG_WARN_CONSTANT_CONVERSION = YES;
				CLANG_WARN_DIRECT_OBJC_ISA_USAGE = YES_ERROR;
				CLANG_WARN_DOCUMENTATION_COMMENTS = YES;
				CLANG_WARN_EMPTY_BODY = YES;
				CLANG_WARN_ENUM_CONVERSION = YES;
				CLANG_WARN_INFINITE_RECURSION = YES;
				CLANG_WARN_INT_CONVERSION = YES;
				CLANG_WARN_OBJC_ROOT_CLASS = YES_ERROR;
				CLANG_WARN_SUSPICIOUS_MOVES = YES;
				CLANG_WARN_UNREACHABLE_CODE = YES;
				CLANG_WARN__DUPLICATE_METHOD_MATCH = YES;
				"CODE_SIGN_IDENTITY[sdk=iphoneos*]" = "iPhone Developer";
				COPY_PHASE_STRIP = NO;
				DEBUG_INFORMATION_FORMAT = dwarf;
				ENABLE_STRICT_OBJC_MSGSEND = YES;
				ENABLE_TESTABILITY = YES;
				GCC_C_LANGUAGE_STANDARD = gnu99;
				GCC_DYNAMIC_NO_PIC = NO;
				GCC_NO_COMMON_BLOCKS = YES;
				GCC_OPTIMIZATION_LEVEL = 0;
				GCC_PREPROCESSOR_DEFINITIONS = (
					"DEBUG=1",
					"$(inherited)",
				);
				GCC_WARN_64_TO_32_BIT_CONVERSION = YES;
				GCC_WARN_ABOUT_RETURN_TYPE = YES_ERROR;
				GCC_WARN_UNDECLARED_SELECTOR = YES;
				GCC_WARN_UNINITIALIZED_AUTOS = YES_AGGRESSIVE;
				GCC_WARN_UNUSED_FUNCTION = YES;
				GCC_WARN_UNUSED_VARIABLE = YES;
				IPHONEOS_DEPLOYMENT_TARGET = 10.0;
				MTL_ENABLE_DEBUG_INFO = YES;
				ONLY_ACTIVE_ARCH = YES;
				SDKROOT = iphoneos;
			};
			name = Debug;
		};
		B5A7629E1F28AC3E0072326F /* Release */ = {
			isa = XCBuildConfiguration;
			buildSettings = {
				ALWAYS_SEARCH_USER_PATHS = NO;
				CLANG_ANALYZER_NONNULL = YES;
				CLANG_CXX_LANGUAGE_STANDARD = "gnu++0x";
				CLANG_CXX_LIBRARY = "libc++";
				CLANG_ENABLE_MODULES = YES;
				CLANG_ENABLE_OBJC_ARC = YES;
				CLANG_WARN_BOOL_CONVERSION = YES;
				CLANG_WARN_CONSTANT_CONVERSION = YES;
				CLANG_WARN_DIRECT_OBJC_ISA_USAGE = YES_ERROR;
				CLANG_WARN_DOCUMENTATION_COMMENTS = YES;
				CLANG_WARN_EMPTY_BODY = YES;
				CLANG_WARN_ENUM_CONVERSION = YES;
				CLANG_WARN_INFINITE_RECURSION = YES;
				CLANG_WARN_INT_CONVERSION = YES;
				CLANG_WARN_OBJC_ROOT_CLASS = YES_ERROR;
				CLANG_WARN_SUSPICIOUS_MOVES = YES;
				CLANG_WARN_UNREACHABLE_CODE = YES;
				CLANG_WARN__DUPLICATE_METHOD_MATCH = YES;
				"CODE_SIGN_IDENTITY[sdk=iphoneos*]" = "iPhone Developer";
				COPY_PHASE_STRIP = NO;
				DEBUG_INFORMATION_FORMAT = "dwarf-with-dsym";
				ENABLE_NS_ASSERTIONS = NO;
				ENABLE_STRICT_OBJC_MSGSEND = YES;
				GCC_C_LANGUAGE_STANDARD = gnu99;
				GCC_NO_COMMON_BLOCKS = YES;
				GCC_WARN_64_TO_32_BIT_CONVERSION = YES;
				GCC_WARN_ABOUT_RETURN_TYPE = YES_ERROR;
				GCC_WARN_UNDECLARED_SELECTOR = YES;
				GCC_WARN_UNINITIALIZED_AUTOS = YES_AGGRESSIVE;
				GCC_WARN_UNUSED_FUNCTION = YES;
				GCC_WARN_UNUSED_VARIABLE = YES;
				IPHONEOS_DEPLOYMENT_TARGET = 10.0;
				MTL_ENABLE_DEBUG_INFO = NO;
				SDKROOT = iphoneos;
				VALIDATE_PRODUCT = YES;
			};
			name = Release;
		};
		B5A762A01F28AC3E0072326F /* Debug */ = {
			isa = XCBuildConfiguration;
			buildSettings = {
				DEVELOPMENT_TEAM = 95W7U2WGC2;
				OTHER_LDFLAGS = "-ObjC";
				PRODUCT_NAME = "$(TARGET_NAME)";
				SKIP_INSTALL = YES;
			};
			name = Debug;
		};
		B5A762A11F28AC3E0072326F /* Release */ = {
			isa = XCBuildConfiguration;
			buildSettings = {
				DEVELOPMENT_TEAM = 95W7U2WGC2;
				OTHER_LDFLAGS = "-ObjC";
				PRODUCT_NAME = "$(TARGET_NAME)";
				SKIP_INSTALL = YES;
			};
			name = Release;
		};
/* End XCBuildConfiguration section */

/* Begin XCConfigurationList section */
		B5A762911F28AC3E0072326F /* Build configuration list for PBXProject "RCTSandbox" */ = {
			isa = XCConfigurationList;
			buildConfigurations = (
				B5A7629D1F28AC3E0072326F /* Debug */,
				B5A7629E1F28AC3E0072326F /* Release */,
			);
			defaultConfigurationIsVisible = 0;
			defaultConfigurationName = Release;
		};
		B5A7629F1F28AC3E0072326F /* Build configuration list for PBXNativeTarget "RCTSandbox" */ = {
			isa = XCConfigurationList;
			buildConfigurations = (
				B5A762A01F28AC3E0072326F /* Debug */,
				B5A762A11F28AC3E0072326F /* Release */,
			);
			defaultConfigurationIsVisible = 0;
		};
/* End XCConfigurationList section */
	};
	rootObject = B5A7628E1F28AC3E0072326F /* Project object */;
}
